
Microsoft Visual Studio Solution File, Format Version 12.00
# Visual Studio Version 16
VisualStudioVersion = 16.0.31624.102
MinimumVisualStudioVersion = 10.0.40219.1
Project("{9A19103F-16F7-4668-BE54-9A1E7A4F7556}") = "sudokuProject", "sudokuProject\sudokuProject.csproj", "{AA8837D2-DCD1-4B59-ADA0-B70C8E61A2DA}"
EndProject
Global
	GlobalSection(SolutionConfigurationPlatforms) = preSolution
		Debug|Any CPU = Debug|Any CPU
		Release|Any CPU = Release|Any CPU
	EndGlobalSection
	GlobalSection(ProjectConfigurationPlatforms) = postSolution
		{AA8837D2-DCD1-4B59-ADA0-B70C8E61A2DA}.Debug|Any CPU.ActiveCfg = Debug|Any CPU
		{AA8837D2-DCD1-4B59-ADA0-B70C8E61A2DA}.Debug|Any CPU.Build.0 = Debug|Any CPU
		{AA8837D2-DCD1-4B59-ADA0-B70C8E61A2DA}.Release|Any CPU.ActiveCfg = Release|Any CPU
		{AA8837D2-DCD1-4B59-ADA0-B70C8E61A2DA}.Release|Any CPU.Build.0 = Release|Any CPU
	EndGlobalSection
	GlobalSection(SolutionProperties) = preSolution
		HideSolutionNode = FALSE
	EndGlobalSection
	GlobalSection(ExtensibilityGlobals) = postSolution
		SolutionGuid = {8BF75C2E-DEBA-40E7-82BA-F5F923700BB6}
	EndGlobalSection
EndGlobal
